
Microsoft Visual Studio Solution File, Format Version 12.00
# Visual Studio Version 16
VisualStudioVersion = 16.0.33027.164
MinimumVisualStudioVersion = 10.0.40219.1
Project("{FAE04EC0-301F-11D3-BF4B-00C04F79EFBC}") = "ArendaDiplom", "ArendaDiplom\ArendaDiplom.csproj", "{A589E167-16A3-4C8E-9474-08731A4EACBA}"
EndProject
Global
	GlobalSection(SolutionConfigurationPlatforms) = preSolution
		Debug|Any CPU = Debug|Any CPU
		Release|Any CPU = Release|Any CPU
	EndGlobalSection
	GlobalSection(ProjectConfigurationPlatforms) = postSolution
		{A589E167-16A3-4C8E-9474-08731A4EACBA}.Debug|Any CPU.ActiveCfg = Debug|Any CPU
		{A589E167-16A3-4C8E-9474-08731A4EACBA}.Debug|Any CPU.Build.0 = Debug|Any CPU
		{A589E167-16A3-4C8E-9474-08731A4EACBA}.Release|Any CPU.ActiveCfg = Release|Any CPU
		{A589E167-16A3-4C8E-9474-08731A4EACBA}.Release|Any CPU.Build.0 = Release|Any CPU
	EndGlobalSection
	GlobalSection(SolutionProperties) = preSolution
		HideSolutionNode = FALSE
	EndGlobalSection
	GlobalSection(ExtensibilityGlobals) = postSolution
		SolutionGuid = {E874CF89-0220-4233-8EE6-68F794A09F5B}
	EndGlobalSection
EndGlobal
